// !$*UTF8*$!
{
	archiveVersion = 1;
	classes = {
	};
	objectVersion = 70;
	objects = {

/* Begin PBXBuildFile section */
		1542476D2C81174700EA1376 /* README.md in Resources */ = {isa = PBXBuildFile; fileRef = 1542476C2C81174700EA1376 /* README.md */; };
		154247732C81709800EA1376 /* Localizable.xcstrings in Resources */ = {isa = PBXBuildFile; fileRef = 154247722C81709800EA1376 /* Localizable.xcstrings */; };
		15CB0D412CCB89EA00565F76 /* DecentralizedFFI in Frameworks */ = {isa = PBXBuildFile; productRef = 15CB0D402CCB89EA00565F76 /* DecentralizedFFI */; };
		15CB0D442CCB8AC600565F76 /* DecentralizedFFI in Frameworks */ = {isa = PBXBuildFile; productRef = 15CB0D432CCB8AC600565F76 /* DecentralizedFFI */; };
		15CB0D472CCB8D0100565F76 /* DecentralizedFFI in Frameworks */ = {isa = PBXBuildFile; productRef = 15CB0D462CCB8D0100565F76 /* DecentralizedFFI */; };
		15CB0D4A2CCB922C00565F76 /* DecentralizedFFI in Frameworks */ = {isa = PBXBuildFile; productRef = 15CB0D492CCB922C00565F76 /* DecentralizedFFI */; };
/* End PBXBuildFile section */

/* Begin PBXContainerItemProxy section */
		15F857062C47223000495405 /* PBXContainerItemProxy */ = {
			isa = PBXContainerItemProxy;
			containerPortal = 15BFE9C42C3EACCE00EDE0B4 /* Project object */;
			proxyType = 1;
			remoteGlobalIDString = 15BFE9CB2C3EACCE00EDE0B4;
			remoteInfo = Decentralized;
		};
/* End PBXContainerItemProxy section */

/* Begin PBXCopyFilesBuildPhase section */
		151E97F42C48E69F001DA0E2 /* Embed Foundation Extensions */ = {
			isa = PBXCopyFilesBuildPhase;
			buildActionMask = 2147483647;
			dstPath = "";
			dstSubfolderSpec = 13;
			files = (
			);
			name = "Embed Foundation Extensions";
			runOnlyForDeploymentPostprocessing = 0;
		};
/* End PBXCopyFilesBuildPhase section */

/* Begin PBXFileReference section */
		151005132C4747740009FDE6 /* Decentralized.app */ = {isa = PBXFileReference; explicitFileType = wrapper.application; includeInIndex = 0; path = Decentralized.app; sourceTree = BUILT_PRODUCTS_DIR; };
		151E97DE2C48E69D001DA0E2 /* WidgetKit.framework */ = {isa = PBXFileReference; lastKnownFileType = wrapper.framework; name = WidgetKit.framework; path = System/Library/Frameworks/WidgetKit.framework; sourceTree = SDKROOT; };
		151E97E02C48E69D001DA0E2 /* SwiftUI.framework */ = {isa = PBXFileReference; lastKnownFileType = wrapper.framework; name = SwiftUI.framework; path = System/Library/Frameworks/SwiftUI.framework; sourceTree = SDKROOT; };
		1542476C2C81174700EA1376 /* README.md */ = {isa = PBXFileReference; lastKnownFileType = net.daringfireball.markdown; path = README.md; sourceTree = "<group>"; };
		154247722C81709800EA1376 /* Localizable.xcstrings */ = {isa = PBXFileReference; lastKnownFileType = text.json.xcstrings; path = Localizable.xcstrings; sourceTree = "<group>"; };
		15F857022C47223000495405 /* DecentralizedTests.xctest */ = {isa = PBXFileReference; explicitFileType = wrapper.cfbundle; includeInIndex = 0; path = DecentralizedTests.xctest; sourceTree = BUILT_PRODUCTS_DIR; };
/* End PBXFileReference section */

/* Begin PBXFileSystemSynchronizedBuildFileExceptionSet section */
		151005962C4747B30009FDE6 /* PBXFileSystemSynchronizedBuildFileExceptionSet */ = {
			isa = PBXFileSystemSynchronizedBuildFileExceptionSet;
			membershipExceptions = (
				Info.plist,
			);
			target = 15BFE9CB2C3EACCE00EDE0B4 /* Decentralized */;
		};
/* End PBXFileSystemSynchronizedBuildFileExceptionSet section */

/* Begin PBXFileSystemSynchronizedRootGroup section */
		151E97E22C48E69D001DA0E2 /* Account */ = {isa = PBXFileSystemSynchronizedRootGroup; explicitFileTypes = {}; explicitFolders = (); path = Account; sourceTree = "<group>"; };
		15BFE9CE2C3EACCE00EDE0B4 /* Decentralized */ = {isa = PBXFileSystemSynchronizedRootGroup; exceptions = (151005962C4747B30009FDE6 /* PBXFileSystemSynchronizedBuildFileExceptionSet */, ); explicitFileTypes = {}; explicitFolders = (); path = Decentralized; sourceTree = "<group>"; };
		15F857032C47223000495405 /* DecentralizedTests */ = {isa = PBXFileSystemSynchronizedRootGroup; explicitFileTypes = {}; explicitFolders = (); path = DecentralizedTests; sourceTree = "<group>"; };
/* End PBXFileSystemSynchronizedRootGroup section */

/* Begin PBXFrameworksBuildPhase section */
		15BFE9C92C3EACCE00EDE0B4 /* Frameworks */ = {
			isa = PBXFrameworksBuildPhase;
			buildActionMask = 2147483647;
			files = (
				15CB0D412CCB89EA00565F76 /* DecentralizedFFI in Frameworks */,
				15CB0D442CCB8AC600565F76 /* DecentralizedFFI in Frameworks */,
				15CB0D472CCB8D0100565F76 /* DecentralizedFFI in Frameworks */,
				15CB0D4A2CCB922C00565F76 /* DecentralizedFFI in Frameworks */,
			);
			runOnlyForDeploymentPostprocessing = 0;
		};
		15F856FF2C47223000495405 /* Frameworks */ = {
			isa = PBXFrameworksBuildPhase;
			buildActionMask = 2147483647;
			files = (
			);
			runOnlyForDeploymentPostprocessing = 0;
		};
/* End PBXFrameworksBuildPhase section */

/* Begin PBXGroup section */
		15BFE9C32C3EACCE00EDE0B4 = {
			isa = PBXGroup;
			children = (
				154247722C81709800EA1376 /* Localizable.xcstrings */,
				1542476C2C81174700EA1376 /* README.md */,
				15BFE9CE2C3EACCE00EDE0B4 /* Decentralized */,
				15F857032C47223000495405 /* DecentralizedTests */,
				151E97E22C48E69D001DA0E2 /* Account */,
				15BFE9CD2C3EACCE00EDE0B4 /* Products */,
				15F8570B2C47224B00495405 /* Frameworks */,
			);
			sourceTree = "<group>";
		};
		15BFE9CD2C3EACCE00EDE0B4 /* Products */ = {
			isa = PBXGroup;
			children = (
				15F857022C47223000495405 /* DecentralizedTests.xctest */,
				151005132C4747740009FDE6 /* Decentralized.app */,
			);
			name = Products;
			sourceTree = "<group>";
		};
		15F8570B2C47224B00495405 /* Frameworks */ = {
			isa = PBXGroup;
			children = (
				151E97DE2C48E69D001DA0E2 /* WidgetKit.framework */,
				151E97E02C48E69D001DA0E2 /* SwiftUI.framework */,
			);
			name = Frameworks;
			sourceTree = "<group>";
		};
/* End PBXGroup section */

/* Begin PBXNativeTarget section */
		15BFE9CB2C3EACCE00EDE0B4 /* Decentralized */ = {
			isa = PBXNativeTarget;
			buildConfigurationList = 15BFE9DD2C3EACCF00EDE0B4 /* Build configuration list for PBXNativeTarget "Decentralized" */;
			buildPhases = (
				15BFE9C82C3EACCE00EDE0B4 /* Sources */,
				15BFE9C92C3EACCE00EDE0B4 /* Frameworks */,
				15BFE9CA2C3EACCE00EDE0B4 /* Resources */,
				151E97F42C48E69F001DA0E2 /* Embed Foundation Extensions */,
				154C1DF32C98D59400836FCB /* ShellScript */,
			);
			buildRules = (
			);
			dependencies = (
			);
			fileSystemSynchronizedGroups = (
				15BFE9CE2C3EACCE00EDE0B4 /* Decentralized */,
			);
			name = Decentralized;
			packageProductDependencies = (
				15CB0D402CCB89EA00565F76 /* DecentralizedFFI */,
				15CB0D432CCB8AC600565F76 /* DecentralizedFFI */,
				15CB0D462CCB8D0100565F76 /* DecentralizedFFI */,
				15CB0D492CCB922C00565F76 /* DecentralizedFFI */,
			);
			productName = Decentralized;
			productReference = 151005132C4747740009FDE6 /* Decentralized.app */;
			productType = "com.apple.product-type.application";
		};
		15F857012C47223000495405 /* DecentralizedTests */ = {
			isa = PBXNativeTarget;
			buildConfigurationList = 15F8570A2C47223000495405 /* Build configuration list for PBXNativeTarget "DecentralizedTests" */;
			buildPhases = (
				15F856FE2C47223000495405 /* Sources */,
				15F856FF2C47223000495405 /* Frameworks */,
				15F857002C47223000495405 /* Resources */,
			);
			buildRules = (
			);
			dependencies = (
				15F857072C47223000495405 /* PBXTargetDependency */,
			);
			fileSystemSynchronizedGroups = (
				15F857032C47223000495405 /* DecentralizedTests */,
			);
			name = DecentralizedTests;
			packageProductDependencies = (
			);
			productName = DecentralizedTests;
			productReference = 15F857022C47223000495405 /* DecentralizedTests.xctest */;
			productType = "com.apple.product-type.bundle.unit-test";
		};
/* End PBXNativeTarget section */

/* Begin PBXProject section */
		15BFE9C42C3EACCE00EDE0B4 /* Project object */ = {
			isa = PBXProject;
			attributes = {
				BuildIndependentTargetsInParallel = 1;
				LastSwiftUpdateCheck = 1600;
				LastUpgradeCheck = 1610;
				TargetAttributes = {
					15BFE9CB2C3EACCE00EDE0B4 = {
						CreatedOnToolsVersion = 16.0;
					};
					15F857012C47223000495405 = {
						CreatedOnToolsVersion = 16.0;
						TestTargetID = 15BFE9CB2C3EACCE00EDE0B4;
					};
				};
			};
			buildConfigurationList = 15BFE9C72C3EACCE00EDE0B4 /* Build configuration list for PBXProject "Decentralized" */;
			compatibilityVersion = "Xcode 15.0";
			developmentRegion = en;
			hasScannedForEncodings = 0;
			knownRegions = (
				en,
				"zh-Hans",
			);
			mainGroup = 15BFE9C32C3EACCE00EDE0B4;
			packageReferences = (
				15CB0D482CCB922C00565F76 /* XCLocalSwiftPackageReference "../../RustroverProjects/decentralized-ffi/decentralized-swift" */,
			);
			productRefGroup = 15BFE9CD2C3EACCE00EDE0B4 /* Products */;
			projectDirPath = "";
			projectRoot = "";
			targets = (
				15BFE9CB2C3EACCE00EDE0B4 /* Decentralized */,
				15F857012C47223000495405 /* DecentralizedTests */,
			);
		};
/* End PBXProject section */

/* Begin PBXResourcesBuildPhase section */
		15BFE9CA2C3EACCE00EDE0B4 /* Resources */ = {
			isa = PBXResourcesBuildPhase;
			buildActionMask = 2147483647;
			files = (
				1542476D2C81174700EA1376 /* README.md in Resources */,
				154247732C81709800EA1376 /* Localizable.xcstrings in Resources */,
			);
			runOnlyForDeploymentPostprocessing = 0;
		};
		15F857002C47223000495405 /* Resources */ = {
			isa = PBXResourcesBuildPhase;
			buildActionMask = 2147483647;
			files = (
			);
			runOnlyForDeploymentPostprocessing = 0;
		};
/* End PBXResourcesBuildPhase section */

/* Begin PBXShellScriptBuildPhase section */
		154C1DF32C98D59400836FCB /* ShellScript */ = {
			isa = PBXShellScriptBuildPhase;
			alwaysOutOfDate = 1;
			buildActionMask = 12;
			files = (
			);
			inputFileListPaths = (
			);
			inputPaths = (
			);
			outputFileListPaths = (
			);
			outputPaths = (
			);
			runOnlyForDeploymentPostprocessing = 0;
			shellPath = /bin/sh;
			shellScript = "# 获取最新的 Git 标签作为版本号\nGIT_TAG=$(git describe --tags --abbrev=0)\n\n# 获取最后一次的 Git 提交哈希作为构建号\nGIT_COMMIT=$(git rev-parse --short HEAD)\n\n# 将版本号和构建号写入 Info.plist\n/usr/libexec/PlistBuddy -c \"Set :CFBundleShortVersionString $GIT_TAG\" \"$PROJECT_DIR/$INFOPLIST_FILE\"\n/usr/libexec/PlistBuddy -c \"Set :CFBundleVersion $GIT_COMMIT\" \"$PROJECT_DIR/$INFOPLIST_FILE\"\n\necho \"Set version to $GIT_TAG and build number to $GIT_COMMIT\"\n";
		};
/* End PBXShellScriptBuildPhase section */

/* Begin PBXSourcesBuildPhase section */
		15BFE9C82C3EACCE00EDE0B4 /* Sources */ = {
			isa = PBXSourcesBuildPhase;
			buildActionMask = 2147483647;
			files = (
			);
			runOnlyForDeploymentPostprocessing = 0;
		};
		15F856FE2C47223000495405 /* Sources */ = {
			isa = PBXSourcesBuildPhase;
			buildActionMask = 2147483647;
			files = (
			);
			runOnlyForDeploymentPostprocessing = 0;
		};
/* End PBXSourcesBuildPhase section */

/* Begin PBXTargetDependency section */
		15F857072C47223000495405 /* PBXTargetDependency */ = {
			isa = PBXTargetDependency;
			target = 15BFE9CB2C3EACCE00EDE0B4 /* Decentralized */;
			targetProxy = 15F857062C47223000495405 /* PBXContainerItemProxy */;
		};
/* End PBXTargetDependency section */

/* Begin XCBuildConfiguration section */
		15BFE9DB2C3EACCF00EDE0B4 /* Debug */ = {
			isa = XCBuildConfiguration;
			buildSettings = {
				ALWAYS_SEARCH_USER_PATHS = NO;
				ASSETCATALOG_COMPILER_GENERATE_SWIFT_ASSET_SYMBOL_EXTENSIONS = YES;
				CLANG_ANALYZER_NONNULL = YES;
				CLANG_ANALYZER_NUMBER_OBJECT_CONVERSION = YES_AGGRESSIVE;
				CLANG_CXX_LANGUAGE_STANDARD = "gnu++20";
				CLANG_ENABLE_MODULES = YES;
				CLANG_ENABLE_OBJC_ARC = YES;
				CLANG_ENABLE_OBJC_WEAK = YES;
				CLANG_WARN_BLOCK_CAPTURE_AUTORELEASING = YES;
				CLANG_WARN_BOOL_CONVERSION = YES;
				CLANG_WARN_COMMA = YES;
				CLANG_WARN_CONSTANT_CONVERSION = YES;
				CLANG_WARN_DEPRECATED_OBJC_IMPLEMENTATIONS = YES;
				CLANG_WARN_DIRECT_OBJC_ISA_USAGE = YES_ERROR;
				CLANG_WARN_DOCUMENTATION_COMMENTS = YES;
				CLANG_WARN_EMPTY_BODY = YES;
				CLANG_WARN_ENUM_CONVERSION = YES;
				CLANG_WARN_INFINITE_RECURSION = YES;
				CLANG_WARN_INT_CONVERSION = YES;
				CLANG_WARN_NON_LITERAL_NULL_CONVERSION = YES;
				CLANG_WARN_OBJC_IMPLICIT_RETAIN_SELF = YES;
				CLANG_WARN_OBJC_LITERAL_CONVERSION = YES;
				CLANG_WARN_OBJC_ROOT_CLASS = YES_ERROR;
				CLANG_WARN_QUOTED_INCLUDE_IN_FRAMEWORK_HEADER = YES;
				CLANG_WARN_RANGE_LOOP_ANALYSIS = YES;
				CLANG_WARN_STRICT_PROTOTYPES = YES;
				CLANG_WARN_SUSPICIOUS_MOVE = YES;
				CLANG_WARN_UNGUARDED_AVAILABILITY = YES_AGGRESSIVE;
				CLANG_WARN_UNREACHABLE_CODE = YES;
				CLANG_WARN__DUPLICATE_METHOD_MATCH = YES;
				COPY_PHASE_STRIP = NO;
				DEAD_CODE_STRIPPING = YES;
				DEBUG_INFORMATION_FORMAT = dwarf;
				ENABLE_STRICT_OBJC_MSGSEND = YES;
				ENABLE_TESTABILITY = YES;
				ENABLE_USER_SCRIPT_SANDBOXING = YES;
				GCC_C_LANGUAGE_STANDARD = gnu17;
				GCC_DYNAMIC_NO_PIC = NO;
				GCC_NO_COMMON_BLOCKS = YES;
				GCC_OPTIMIZATION_LEVEL = 0;
				GCC_PREPROCESSOR_DEFINITIONS = (
					"DEBUG=1",
					"$(inherited)",
				);
				GCC_WARN_64_TO_32_BIT_CONVERSION = YES;
				GCC_WARN_ABOUT_RETURN_TYPE = YES_ERROR;
				GCC_WARN_UNDECLARED_SELECTOR = YES;
				GCC_WARN_UNINITIALIZED_AUTOS = YES_AGGRESSIVE;
				GCC_WARN_UNUSED_FUNCTION = YES;
				GCC_WARN_UNUSED_VARIABLE = YES;
				LOCALIZATION_PREFERS_STRING_CATALOGS = YES;
				MACOSX_DEPLOYMENT_TARGET = 15.0;
				MTL_ENABLE_DEBUG_INFO = INCLUDE_SOURCE;
				MTL_FAST_MATH = YES;
				ONLY_ACTIVE_ARCH = YES;
				SDKROOT = macosx;
				SWIFT_ACTIVE_COMPILATION_CONDITIONS = "DEBUG $(inherited)";
				SWIFT_EMIT_LOC_STRINGS = YES;
				SWIFT_OPTIMIZATION_LEVEL = "-Onone";
			};
			name = Debug;
		};
		15BFE9DC2C3EACCF00EDE0B4 /* Release */ = {
			isa = XCBuildConfiguration;
			buildSettings = {
				ALWAYS_SEARCH_USER_PATHS = NO;
				ASSETCATALOG_COMPILER_GENERATE_SWIFT_ASSET_SYMBOL_EXTENSIONS = YES;
				CLANG_ANALYZER_NONNULL = YES;
				CLANG_ANALYZER_NUMBER_OBJECT_CONVERSION = YES_AGGRESSIVE;
				CLANG_CXX_LANGUAGE_STANDARD = "gnu++20";
				CLANG_ENABLE_MODULES = YES;
				CLANG_ENABLE_OBJC_ARC = YES;
				CLANG_ENABLE_OBJC_WEAK = YES;
				CLANG_WARN_BLOCK_CAPTURE_AUTORELEASING = YES;
				CLANG_WARN_BOOL_CONVERSION = YES;
				CLANG_WARN_COMMA = YES;
				CLANG_WARN_CONSTANT_CONVERSION = YES;
				CLANG_WARN_DEPRECATED_OBJC_IMPLEMENTATIONS = YES;
				CLANG_WARN_DIRECT_OBJC_ISA_USAGE = YES_ERROR;
				CLANG_WARN_DOCUMENTATION_COMMENTS = YES;
				CLANG_WARN_EMPTY_BODY = YES;
				CLANG_WARN_ENUM_CONVERSION = YES;
				CLANG_WARN_INFINITE_RECURSION = YES;
				CLANG_WARN_INT_CONVERSION = YES;
				CLANG_WARN_NON_LITERAL_NULL_CONVERSION = YES;
				CLANG_WARN_OBJC_IMPLICIT_RETAIN_SELF = YES;
				CLANG_WARN_OBJC_LITERAL_CONVERSION = YES;
				CLANG_WARN_OBJC_ROOT_CLASS = YES_ERROR;
				CLANG_WARN_QUOTED_INCLUDE_IN_FRAMEWORK_HEADER = YES;
				CLANG_WARN_RANGE_LOOP_ANALYSIS = YES;
				CLANG_WARN_STRICT_PROTOTYPES = YES;
				CLANG_WARN_SUSPICIOUS_MOVE = YES;
				CLANG_WARN_UNGUARDED_AVAILABILITY = YES_AGGRESSIVE;
				CLANG_WARN_UNREACHABLE_CODE = YES;
				CLANG_WARN__DUPLICATE_METHOD_MATCH = YES;
				COPY_PHASE_STRIP = NO;
				DEAD_CODE_STRIPPING = YES;
				DEBUG_INFORMATION_FORMAT = "dwarf-with-dsym";
				ENABLE_NS_ASSERTIONS = NO;
				ENABLE_STRICT_OBJC_MSGSEND = YES;
				ENABLE_USER_SCRIPT_SANDBOXING = YES;
				GCC_C_LANGUAGE_STANDARD = gnu17;
				GCC_NO_COMMON_BLOCKS = YES;
				GCC_WARN_64_TO_32_BIT_CONVERSION = YES;
				GCC_WARN_ABOUT_RETURN_TYPE = YES_ERROR;
				GCC_WARN_UNDECLARED_SELECTOR = YES;
				GCC_WARN_UNINITIALIZED_AUTOS = YES_AGGRESSIVE;
				GCC_WARN_UNUSED_FUNCTION = YES;
				GCC_WARN_UNUSED_VARIABLE = YES;
				LOCALIZATION_PREFERS_STRING_CATALOGS = YES;
				MACOSX_DEPLOYMENT_TARGET = 15.0;
				MTL_ENABLE_DEBUG_INFO = NO;
				MTL_FAST_MATH = YES;
				SDKROOT = macosx;
				SWIFT_COMPILATION_MODE = wholemodule;
				SWIFT_EMIT_LOC_STRINGS = YES;
			};
			name = Release;
		};
		15BFE9DE2C3EACCF00EDE0B4 /* Debug */ = {
			isa = XCBuildConfiguration;
			buildSettings = {
				ASSETCATALOG_COMPILER_APPICON_NAME = AppIcon;
				ASSETCATALOG_COMPILER_GLOBAL_ACCENT_COLOR_NAME = AccentColor;
				ASSETCATALOG_COMPILER_INCLUDE_ALL_APPICON_ASSETS = NO;
				CODE_SIGN_ENTITLEMENTS = Decentralized/Decentralized.entitlements;
				CODE_SIGN_IDENTITY = "Apple Development";
				"CODE_SIGN_IDENTITY[sdk=macosx*]" = "Apple Development";
				CODE_SIGN_STYLE = Automatic;
				COMBINE_HIDPI_IMAGES = YES;
				CURRENT_PROJECT_VERSION = 1;
				DEAD_CODE_STRIPPING = YES;
				DEVELOPMENT_ASSET_PATHS = "\"Decentralized/Preview Content\"";
				DEVELOPMENT_TEAM = G5MBBL9V7T;
				ENABLE_HARDENED_RUNTIME = YES;
				ENABLE_PREVIEWS = YES;
				GENERATE_INFOPLIST_FILE = YES;
				INFOPLIST_FILE = Decentralized/Info.plist;
				INFOPLIST_KEY_CFBundleDisplayName = Decentralized;
				INFOPLIST_KEY_LSApplicationCategoryType = "public.app-category.utilities";
				INFOPLIST_KEY_NSHumanReadableCopyright = "";
				LD_RUNPATH_SEARCH_PATHS = (
					"$(inherited)",
					"@executable_path/../Frameworks",
				);
				MACOSX_DEPLOYMENT_TARGET = 15.1;
				MARKETING_VERSION = 1.0;
				PRODUCT_BUNDLE_IDENTIFIER = app.Decentralized;
				PRODUCT_NAME = "$(TARGET_NAME)";
				PROVISIONING_PROFILE_SPECIFIER = "";
				SWIFT_EMIT_LOC_STRINGS = YES;
				SWIFT_VERSION = 5.0;
			};
			name = Debug;
		};
		15BFE9DF2C3EACCF00EDE0B4 /* Release */ = {
			isa = XCBuildConfiguration;
			buildSettings = {
				ASSETCATALOG_COMPILER_APPICON_NAME = AppIcon;
				ASSETCATALOG_COMPILER_GLOBAL_ACCENT_COLOR_NAME = AccentColor;
				ASSETCATALOG_COMPILER_INCLUDE_ALL_APPICON_ASSETS = NO;
				CODE_SIGN_ENTITLEMENTS = Decentralized/Decentralized.entitlements;
				CODE_SIGN_IDENTITY = "Apple Development";
				"CODE_SIGN_IDENTITY[sdk=macosx*]" = "Apple Development";
				CODE_SIGN_STYLE = Automatic;
				COMBINE_HIDPI_IMAGES = YES;
				CURRENT_PROJECT_VERSION = 1;
				DEAD_CODE_STRIPPING = YES;
				DEVELOPMENT_ASSET_PATHS = "\"Decentralized/Preview Content\"";
				DEVELOPMENT_TEAM = G5MBBL9V7T;
				ENABLE_HARDENED_RUNTIME = YES;
				ENABLE_PREVIEWS = YES;
				GENERATE_INFOPLIST_FILE = YES;
				INFOPLIST_FILE = Decentralized/Info.plist;
				INFOPLIST_KEY_CFBundleDisplayName = Decentralized;
				INFOPLIST_KEY_LSApplicationCategoryType = "public.app-category.utilities";
				INFOPLIST_KEY_NSHumanReadableCopyright = "";
				LD_RUNPATH_SEARCH_PATHS = (
					"$(inherited)",
					"@executable_path/../Frameworks",
				);
				MACOSX_DEPLOYMENT_TARGET = 15.1;
				MARKETING_VERSION = 1.0;
				PRODUCT_BUNDLE_IDENTIFIER = app.Decentralized;
				PRODUCT_NAME = "$(TARGET_NAME)";
				PROVISIONING_PROFILE_SPECIFIER = "";
				SWIFT_EMIT_LOC_STRINGS = YES;
				SWIFT_VERSION = 5.0;
			};
			name = Release;
		};
		15F857082C47223000495405 /* Debug */ = {
			isa = XCBuildConfiguration;
			buildSettings = {
				BUNDLE_LOADER = "$(TEST_HOST)";
				CODE_SIGN_STYLE = Automatic;
				CURRENT_PROJECT_VERSION = 1;
				DEAD_CODE_STRIPPING = YES;
				DEVELOPMENT_TEAM = G5MBBL9V7T;
				GENERATE_INFOPLIST_FILE = YES;
				MARKETING_VERSION = 1.0;
				PRODUCT_BUNDLE_IDENTIFIER = app.DecentralizedTests;
				PRODUCT_NAME = "$(TARGET_NAME)";
				SWIFT_EMIT_LOC_STRINGS = NO;
				SWIFT_VERSION = 5.0;
				TEST_HOST = "$(BUILT_PRODUCTS_DIR)/Decentralized.app/$(BUNDLE_EXECUTABLE_FOLDER_PATH)/Decentralized";
			};
			name = Debug;
		};
		15F857092C47223000495405 /* Release */ = {
			isa = XCBuildConfiguration;
			buildSettings = {
				BUNDLE_LOADER = "$(TEST_HOST)";
				CODE_SIGN_STYLE = Automatic;
				CURRENT_PROJECT_VERSION = 1;
				DEAD_CODE_STRIPPING = YES;
				DEVELOPMENT_TEAM = G5MBBL9V7T;
				GENERATE_INFOPLIST_FILE = YES;
				MARKETING_VERSION = 1.0;
				PRODUCT_BUNDLE_IDENTIFIER = app.DecentralizedTests;
				PRODUCT_NAME = "$(TARGET_NAME)";
				SWIFT_EMIT_LOC_STRINGS = NO;
				SWIFT_VERSION = 5.0;
				TEST_HOST = "$(BUILT_PRODUCTS_DIR)/Decentralized.app/$(BUNDLE_EXECUTABLE_FOLDER_PATH)/Decentralized";
			};
			name = Release;
		};
/* End XCBuildConfiguration section */

/* Begin XCConfigurationList section */
		15BFE9C72C3EACCE00EDE0B4 /* Build configuration list for PBXProject "Decentralized" */ = {
			isa = XCConfigurationList;
			buildConfigurations = (
				15BFE9DB2C3EACCF00EDE0B4 /* Debug */,
				15BFE9DC2C3EACCF00EDE0B4 /* Release */,
			);
			defaultConfigurationIsVisible = 0;
			defaultConfigurationName = Release;
		};
		15BFE9DD2C3EACCF00EDE0B4 /* Build configuration list for PBXNativeTarget "Decentralized" */ = {
			isa = XCConfigurationList;
			buildConfigurations = (
				15BFE9DE2C3EACCF00EDE0B4 /* Debug */,
				15BFE9DF2C3EACCF00EDE0B4 /* Release */,
			);
			defaultConfigurationIsVisible = 0;
			defaultConfigurationName = Release;
		};
		15F8570A2C47223000495405 /* Build configuration list for PBXNativeTarget "DecentralizedTests" */ = {
			isa = XCConfigurationList;
			buildConfigurations = (
				15F857082C47223000495405 /* Debug */,
				15F857092C47223000495405 /* Release */,
			);
			defaultConfigurationIsVisible = 0;
			defaultConfigurationName = Release;
		};
/* End XCConfigurationList section */

/* Begin XCLocalSwiftPackageReference section */
		15CB0D482CCB922C00565F76 /* XCLocalSwiftPackageReference "../../RustroverProjects/decentralized-ffi/decentralized-swift" */ = {
			isa = XCLocalSwiftPackageReference;
			relativePath = "../../RustroverProjects/decentralized-ffi/decentralized-swift";
		};
/* End XCLocalSwiftPackageReference section */

/* Begin XCSwiftPackageProductDependency section */
		15CB0D402CCB89EA00565F76 /* DecentralizedFFI */ = {
			isa = XCSwiftPackageProductDependency;
			productName = DecentralizedFFI;
		};
		15CB0D432CCB8AC600565F76 /* DecentralizedFFI */ = {
			isa = XCSwiftPackageProductDependency;
			productName = DecentralizedFFI;
		};
		15CB0D462CCB8D0100565F76 /* DecentralizedFFI */ = {
			isa = XCSwiftPackageProductDependency;
			productName = DecentralizedFFI;
		};
		15CB0D492CCB922C00565F76 /* DecentralizedFFI */ = {
			isa = XCSwiftPackageProductDependency;
			productName = DecentralizedFFI;
		};
/* End XCSwiftPackageProductDependency section */
	};
	rootObject = 15BFE9C42C3EACCE00EDE0B4 /* Project object */;
}
