{
  "originHash" : "4d0c62263a63caef4b481f0203a788d829c005bc5f54fe15eb16fb218bfb81a7",
  "pins" : [
    {
      "identity" : "bdk-swift",
      "kind" : "remoteSourceControl",
      "location" : "https://github.com/nieaowei/bdk-swift",
      "state" : {
        "branch" : "1.0.0-beta2e",
        "revision" : "21ee4a65cb47b88c6ec115e2981d965698dd6188"
      }
    }
  ],
  "version" : 3
}
