{
  "originHash" : "c4eefe43b69872bd9a10cf03384b33e56e75de99c0614e9310a99768b6524443",
  "pins" : [
    {
      "identity" : "bdk-swift",
      "kind" : "remoteSourceControl",
      "location" : "https://github.com/nieaowei/bdk-swift",
      "state" : {
        "branch" : "1.0.0-beta2",
        "revision" : "83105a8a2d013e3fe6baccf93cfb064acef6e512"
      }
    },
    {
      "identity" : "keychainaccess",
      "kind" : "remoteSourceControl",
      "location" : "https://github.com/kishikawakatsumi/KeychainAccess",
      "state" : {
        "branch" : "master",
        "revision" : "e0c7eebc5a4465a3c4680764f26b7a61f567cdaf"
      }
    }
  ],
  "version" : 3
}
