{
  "originHash" : "4d0c62263a63caef4b481f0203a788d829c005bc5f54fe15eb16fb218bfb81a7",
  "pins" : [
    {
      "identity" : "bdk-swift",
      "kind" : "remoteSourceControl",
      "location" : "https://github.com/nieaowei/bdk-swift",
      "state" : {
        "branch" : "1.0.0-beta2",
        "revision" : "83105a8a2d013e3fe6baccf93cfb064acef6e512"
      }
    }
  ],
  "version" : 3
}
